<Solution>
  <Project Path="HotelManagementSystem.API/HotelManagementSystem.API.csproj" />
  <Project Path="HotelManagementSystem.Tests/HotelManagementSystem.Tests.csproj" Id="469906db-016b-48f4-9987-968cf6d34d36" />
  <Project Path="HotelManagementSystem_weapp/HotelManagementSystem_weapp.csproj" Id="3d5d2d4d-501d-4f4c-b5b4-66fd92b512a7" />
</Solution>
